
Microsoft Visual Studio Solution File, Format Version 12.00
# Visual Studio 15
VisualStudioVersion = 15.0.26430.6
MinimumVisualStudioVersion = 10.0.40219.1
Project("{FAE04EC0-301F-11D3-BF4B-00C04F79EFBC}") = "DingWK.Mahapps", "DingWK.Mahapps.Style\DingWK.Mahapps.csproj", "{568EF8BF-634F-4676-B61F-345F586311A4}"
EndProject
Project("{FAE04EC0-301F-11D3-BF4B-00C04F79EFBC}") = "Lib", "Lib\Lib.csproj", "{C85676B8-9481-4B46-B76D-032455093513}"
EndProject
Project("{FAE04EC0-301F-11D3-BF4B-00C04F79EFBC}") = "WpfApp2", "WpfApp2\WpfApp2.csproj", "{A80A3F4E-41E8-42A7-B690-AEC0E37A85D9}"
EndProject
Project("{FAE04EC0-301F-11D3-BF4B-00C04F79EFBC}") = "Demo", "Demo\Demo.csproj", "{2789926A-4C36-46F2-8A57-4EB0987EDF3E}"
EndProject
Project("{FAE04EC0-301F-11D3-BF4B-00C04F79EFBC}") = "MvvmLight1", "MvvmLight1\MvvmLight1.csproj", "{6288AE84-7561-4CB6-8675-61D0CBA199E7}"
EndProject
Global
	GlobalSection(SolutionConfigurationPlatforms) = preSolution
		Debug|Any CPU = Debug|Any CPU
		Release|Any CPU = Release|Any CPU
	EndGlobalSection
	GlobalSection(ProjectConfigurationPlatforms) = postSolution
		{568EF8BF-634F-4676-B61F-345F586311A4}.Debug|Any CPU.ActiveCfg = Debug|Any CPU
		{568EF8BF-634F-4676-B61F-345F586311A4}.Debug|Any CPU.Build.0 = Debug|Any CPU
		{568EF8BF-634F-4676-B61F-345F586311A4}.Release|Any CPU.ActiveCfg = Release|Any CPU
		{568EF8BF-634F-4676-B61F-345F586311A4}.Release|Any CPU.Build.0 = Release|Any CPU
		{C85676B8-9481-4B46-B76D-032455093513}.Debug|Any CPU.ActiveCfg = Debug|Any CPU
		{C85676B8-9481-4B46-B76D-032455093513}.Debug|Any CPU.Build.0 = Debug|Any CPU
		{C85676B8-9481-4B46-B76D-032455093513}.Release|Any CPU.ActiveCfg = Release|Any CPU
		{C85676B8-9481-4B46-B76D-032455093513}.Release|Any CPU.Build.0 = Release|Any CPU
		{A80A3F4E-41E8-42A7-B690-AEC0E37A85D9}.Debug|Any CPU.ActiveCfg = Debug|Any CPU
		{A80A3F4E-41E8-42A7-B690-AEC0E37A85D9}.Debug|Any CPU.Build.0 = Debug|Any CPU
		{A80A3F4E-41E8-42A7-B690-AEC0E37A85D9}.Release|Any CPU.ActiveCfg = Release|Any CPU
		{A80A3F4E-41E8-42A7-B690-AEC0E37A85D9}.Release|Any CPU.Build.0 = Release|Any CPU
		{2789926A-4C36-46F2-8A57-4EB0987EDF3E}.Debug|Any CPU.ActiveCfg = Debug|Any CPU
		{2789926A-4C36-46F2-8A57-4EB0987EDF3E}.Debug|Any CPU.Build.0 = Debug|Any CPU
		{2789926A-4C36-46F2-8A57-4EB0987EDF3E}.Release|Any CPU.ActiveCfg = Release|Any CPU
		{2789926A-4C36-46F2-8A57-4EB0987EDF3E}.Release|Any CPU.Build.0 = Release|Any CPU
		{6288AE84-7561-4CB6-8675-61D0CBA199E7}.Debug|Any CPU.ActiveCfg = Debug|Any CPU
		{6288AE84-7561-4CB6-8675-61D0CBA199E7}.Debug|Any CPU.Build.0 = Debug|Any CPU
		{6288AE84-7561-4CB6-8675-61D0CBA199E7}.Release|Any CPU.ActiveCfg = Release|Any CPU
		{6288AE84-7561-4CB6-8675-61D0CBA199E7}.Release|Any CPU.Build.0 = Release|Any CPU
	EndGlobalSection
	GlobalSection(SolutionProperties) = preSolution
		HideSolutionNode = FALSE
	EndGlobalSection
EndGlobal
